// !$*UTF8*$!
{
	archiveVersion = 1;
	classes = {
	};
	objectVersion = 46;
	objects = {

/* Begin PBXBuildFile section */
		3FA111221DCE9C160062F466 /* RatingControl.swift in Sources */ = {isa = PBXBuildFile; fileRef = 3FA111211DCE9C160062F466 /* RatingControl.swift */; };
		3FC2511B1DBF92CD00B014FB /* AppDelegate.swift in Sources */ = {isa = PBXBuildFile; fileRef = 3FC2511A1DBF92CD00B014FB /* AppDelegate.swift */; };
		3FC2511D1DBF92CD00B014FB /* ViewController.swift in Sources */ = {isa = PBXBuildFile; fileRef = 3FC2511C1DBF92CD00B014FB /* ViewController.swift */; };
		3FC251201DBF92CD00B014FB /* Main.storyboard in Resources */ = {isa = PBXBuildFile; fileRef = 3FC2511E1DBF92CD00B014FB /* Main.storyboard */; };
		3FC251221DBF92CD00B014FB /* Assets.xcassets in Resources */ = {isa = PBXBuildFile; fileRef = 3FC251211DBF92CD00B014FB /* Assets.xcassets */; };
		3FC251251DBF92CD00B014FB /* LaunchScreen.storyboard in Resources */ = {isa = PBXBuildFile; fileRef = 3FC251231DBF92CD00B014FB /* LaunchScreen.storyboard */; };
		3FDCBDAB1DCF94E200D96B63 /* Meal.swift in Sources */ = {isa = PBXBuildFile; fileRef = 3FDCBDAA1DCF94E200D96B63 /* Meal.swift */; };
		3FDCBDB31DCF9B0600D96B63 /* ColorMixTests.swift in Sources */ = {isa = PBXBuildFile; fileRef = 3FDCBDB21DCF9B0600D96B63 /* ColorMixTests.swift */; };
		3FDCBDBB1DCFB27C00D96B63 /* MealTableViewCell.swift in Sources */ = {isa = PBXBuildFile; fileRef = 3FDCBDBA1DCFB27C00D96B63 /* MealTableViewCell.swift */; };
		3FDCBDBE1DCFB99D00D96B63 /* MealTableViewController.swift in Sources */ = {isa = PBXBuildFile; fileRef = 3FDCBDBC1DCFB99D00D96B63 /* MealTableViewController.swift */; };
		3FDCBDBF1DCFB99D00D96B63 /* MealTableViewController.xib in Resources */ = {isa = PBXBuildFile; fileRef = 3FDCBDBD1DCFB99D00D96B63 /* MealTableViewController.xib */; };
/* End PBXBuildFile section */

/* Begin PBXContainerItemProxy section */
		3FDCBDB51DCF9B0600D96B63 /* PBXContainerItemProxy */ = {
			isa = PBXContainerItemProxy;
			containerPortal = 3FC2510F1DBF92CD00B014FB /* Project object */;
			proxyType = 1;
			remoteGlobalIDString = 3FC251161DBF92CD00B014FB;
			remoteInfo = ColorMix;
		};
/* End PBXContainerItemProxy section */

/* Begin PBXFileReference section */
		3FA111211DCE9C160062F466 /* RatingControl.swift */ = {isa = PBXFileReference; fileEncoding = 4; lastKnownFileType = sourcecode.swift; path = RatingControl.swift; sourceTree = "<group>"; };
		3FC251171DBF92CD00B014FB /* ColorMix.app */ = {isa = PBXFileReference; explicitFileType = wrapper.application; includeInIndex = 0; path = ColorMix.app; sourceTree = BUILT_PRODUCTS_DIR; };
		3FC2511A1DBF92CD00B014FB /* AppDelegate.swift */ = {isa = PBXFileReference; lastKnownFileType = sourcecode.swift; path = AppDelegate.swift; sourceTree = "<group>"; };
		3FC2511C1DBF92CD00B014FB /* ViewController.swift */ = {isa = PBXFileReference; lastKnownFileType = sourcecode.swift; path = ViewController.swift; sourceTree = "<group>"; };
		3FC2511F1DBF92CD00B014FB /* Base */ = {isa = PBXFileReference; lastKnownFileType = file.storyboard; name = Base; path = Base.lproj/Main.storyboard; sourceTree = "<group>"; };
		3FC251211DBF92CD00B014FB /* Assets.xcassets */ = {isa = PBXFileReference; lastKnownFileType = folder.assetcatalog; path = Assets.xcassets; sourceTree = "<group>"; };
		3FC251241DBF92CD00B014FB /* Base */ = {isa = PBXFileReference; lastKnownFileType = file.storyboard; name = Base; path = Base.lproj/LaunchScreen.storyboard; sourceTree = "<group>"; };
		3FC251261DBF92CD00B014FB /* Info.plist */ = {isa = PBXFileReference; lastKnownFileType = text.plist.xml; path = Info.plist; sourceTree = "<group>"; };
		3FDCBDAA1DCF94E200D96B63 /* Meal.swift */ = {isa = PBXFileReference; fileEncoding = 4; lastKnownFileType = sourcecode.swift; path = Meal.swift; sourceTree = "<group>"; };
		3FDCBDB01DCF9B0600D96B63 /* ColorMixTests.xctest */ = {isa = PBXFileReference; explicitFileType = wrapper.cfbundle; includeInIndex = 0; path = ColorMixTests.xctest; sourceTree = BUILT_PRODUCTS_DIR; };
		3FDCBDB21DCF9B0600D96B63 /* ColorMixTests.swift */ = {isa = PBXFileReference; lastKnownFileType = sourcecode.swift; path = ColorMixTests.swift; sourceTree = "<group>"; };
		3FDCBDB41DCF9B0600D96B63 /* Info.plist */ = {isa = PBXFileReference; lastKnownFileType = text.plist.xml; path = Info.plist; sourceTree = "<group>"; };
		3FDCBDBA1DCFB27C00D96B63 /* MealTableViewCell.swift */ = {isa = PBXFileReference; fileEncoding = 4; lastKnownFileType = sourcecode.swift; path = MealTableViewCell.swift; sourceTree = "<group>"; };
		3FDCBDBC1DCFB99D00D96B63 /* MealTableViewController.swift */ = {isa = PBXFileReference; fileEncoding = 4; lastKnownFileType = sourcecode.swift; path = MealTableViewController.swift; sourceTree = "<group>"; };
		3FDCBDBD1DCFB99D00D96B63 /* MealTableViewController.xib */ = {isa = PBXFileReference; fileEncoding = 4; lastKnownFileType = file.xib; path = MealTableViewController.xib; sourceTree = "<group>"; };
/* End PBXFileReference section */

/* Begin PBXFrameworksBuildPhase section */
		3FC251141DBF92CD00B014FB /* Frameworks */ = {
			isa = PBXFrameworksBuildPhase;
			buildActionMask = 2147483647;
			files = (
			);
			runOnlyForDeploymentPostprocessing = 0;
		};
		3FDCBDAD1DCF9B0600D96B63 /* Frameworks */ = {
			isa = PBXFrameworksBuildPhase;
			buildActionMask = 2147483647;
			files = (
			);
			runOnlyForDeploymentPostprocessing = 0;
		};
/* End PBXFrameworksBuildPhase section */

/* Begin PBXGroup section */
		3FC2510E1DBF92CD00B014FB = {
			isa = PBXGroup;
			children = (
				3FC251191DBF92CD00B014FB /* ColorMix */,
				3FDCBDB11DCF9B0600D96B63 /* ColorMixTests */,
				3FC251181DBF92CD00B014FB /* Products */,
			);
			sourceTree = "<group>";
		};
		3FC251181DBF92CD00B014FB /* Products */ = {
			isa = PBXGroup;
			children = (
				3FC251171DBF92CD00B014FB /* ColorMix.app */,
				3FDCBDB01DCF9B0600D96B63 /* ColorMixTests.xctest */,
			);
			name = Products;
			sourceTree = "<group>";
		};
		3FC251191DBF92CD00B014FB /* ColorMix */ = {
			isa = PBXGroup;
			children = (
				3FC2511A1DBF92CD00B014FB /* AppDelegate.swift */,
				3FC2511C1DBF92CD00B014FB /* ViewController.swift */,
				3FA111211DCE9C160062F466 /* RatingControl.swift */,
				3FC2511E1DBF92CD00B014FB /* Main.storyboard */,
				3FDCBDBC1DCFB99D00D96B63 /* MealTableViewController.swift */,
				3FDCBDBD1DCFB99D00D96B63 /* MealTableViewController.xib */,
				3FDCBDBA1DCFB27C00D96B63 /* MealTableViewCell.swift */,
				3FDCBDAA1DCF94E200D96B63 /* Meal.swift */,
				3FC251211DBF92CD00B014FB /* Assets.xcassets */,
				3FC251231DBF92CD00B014FB /* LaunchScreen.storyboard */,
				3FC251261DBF92CD00B014FB /* Info.plist */,
			);
			path = ColorMix;
			sourceTree = "<group>";
		};
		3FDCBDB11DCF9B0600D96B63 /* ColorMixTests */ = {
			isa = PBXGroup;
			children = (
				3FDCBDB21DCF9B0600D96B63 /* ColorMixTests.swift */,
				3FDCBDB41DCF9B0600D96B63 /* Info.plist */,
			);
			path = ColorMixTests;
			sourceTree = "<group>";
		};
/* End PBXGroup section */

/* Begin PBXNativeTarget section */
		3FC251161DBF92CD00B014FB /* ColorMix */ = {
			isa = PBXNativeTarget;
			buildConfigurationList = 3FC251291DBF92CD00B014FB /* Build configuration list for PBXNativeTarget "ColorMix" */;
			buildPhases = (
				3FC251131DBF92CD00B014FB /* Sources */,
				3FC251141DBF92CD00B014FB /* Frameworks */,
				3FC251151DBF92CD00B014FB /* Resources */,
			);
			buildRules = (
			);
			dependencies = (
			);
			name = ColorMix;
			productName = ColorMix;
			productReference = 3FC251171DBF92CD00B014FB /* ColorMix.app */;
			productType = "com.apple.product-type.application";
		};
		3FDCBDAF1DCF9B0600D96B63 /* ColorMixTests */ = {
			isa = PBXNativeTarget;
			buildConfigurationList = 3FDCBDB71DCF9B0600D96B63 /* Build configuration list for PBXNativeTarget "ColorMixTests" */;
			buildPhases = (
				3FDCBDAC1DCF9B0600D96B63 /* Sources */,
				3FDCBDAD1DCF9B0600D96B63 /* Frameworks */,
				3FDCBDAE1DCF9B0600D96B63 /* Resources */,
			);
			buildRules = (
			);
			dependencies = (
				3FDCBDB61DCF9B0600D96B63 /* PBXTargetDependency */,
			);
			name = ColorMixTests;
			productName = ColorMixTests;
			productReference = 3FDCBDB01DCF9B0600D96B63 /* ColorMixTests.xctest */;
			productType = "com.apple.product-type.bundle.unit-test";
		};
/* End PBXNativeTarget section */

/* Begin PBXProject section */
		3FC2510F1DBF92CD00B014FB /* Project object */ = {
			isa = PBXProject;
			attributes = {
				LastSwiftUpdateCheck = 0800;
				LastUpgradeCheck = 0800;
				ORGANIZATIONNAME = "Scott Blackwell";
				TargetAttributes = {
					3FC251161DBF92CD00B014FB = {
						CreatedOnToolsVersion = 8.0;
						ProvisioningStyle = Automatic;
					};
					3FDCBDAF1DCF9B0600D96B63 = {
						CreatedOnToolsVersion = 8.0;
						ProvisioningStyle = Automatic;
						TestTargetID = 3FC251161DBF92CD00B014FB;
					};
				};
			};
			buildConfigurationList = 3FC251121DBF92CD00B014FB /* Build configuration list for PBXProject "ColorMix" */;
			compatibilityVersion = "Xcode 3.2";
			developmentRegion = English;
			hasScannedForEncodings = 0;
			knownRegions = (
				en,
				Base,
			);
			mainGroup = 3FC2510E1DBF92CD00B014FB;
			productRefGroup = 3FC251181DBF92CD00B014FB /* Products */;
			projectDirPath = "";
			projectRoot = "";
			targets = (
				3FC251161DBF92CD00B014FB /* ColorMix */,
				3FDCBDAF1DCF9B0600D96B63 /* ColorMixTests */,
			);
		};
/* End PBXProject section */

/* Begin PBXResourcesBuildPhase section */
		3FC251151DBF92CD00B014FB /* Resources */ = {
			isa = PBXResourcesBuildPhase;
			buildActionMask = 2147483647;
			files = (
				3FC251251DBF92CD00B014FB /* LaunchScreen.storyboard in Resources */,
				3FC251221DBF92CD00B014FB /* Assets.xcassets in Resources */,
				3FDCBDBF1DCFB99D00D96B63 /* MealTableViewController.xib in Resources */,
				3FC251201DBF92CD00B014FB /* Main.storyboard in Resources */,
			);
			runOnlyForDeploymentPostprocessing = 0;
		};
		3FDCBDAE1DCF9B0600D96B63 /* Resources */ = {
			isa = PBXResourcesBuildPhase;
			buildActionMask = 2147483647;
			files = (
			);
			runOnlyForDeploymentPostprocessing = 0;
		};
/* End PBXResourcesBuildPhase section */

/* Begin PBXSourcesBuildPhase section */
		3FC251131DBF92CD00B014FB /* Sources */ = {
			isa = PBXSourcesBuildPhase;
			buildActionMask = 2147483647;
			files = (
				3FDCBDAB1DCF94E200D96B63 /* Meal.swift in Sources */,
				3FC2511D1DBF92CD00B014FB /* ViewController.swift in Sources */,
				3FA111221DCE9C160062F466 /* RatingControl.swift in Sources */,
				3FC2511B1DBF92CD00B014FB /* AppDelegate.swift in Sources */,
				3FDCBDBE1DCFB99D00D96B63 /* MealTableViewController.swift in Sources */,
				3FDCBDBB1DCFB27C00D96B63 /* MealTableViewCell.swift in Sources */,
			);
			runOnlyForDeploymentPostprocessing = 0;
		};
		3FDCBDAC1DCF9B0600D96B63 /* Sources */ = {
			isa = PBXSourcesBuildPhase;
			buildActionMask = 2147483647;
			files = (
				3FDCBDB31DCF9B0600D96B63 /* ColorMixTests.swift in Sources */,
			);
			runOnlyForDeploymentPostprocessing = 0;
		};
/* End PBXSourcesBuildPhase section */

/* Begin PBXTargetDependency section */
		3FDCBDB61DCF9B0600D96B63 /* PBXTargetDependency */ = {
			isa = PBXTargetDependency;
			target = 3FC251161DBF92CD00B014FB /* ColorMix */;
			targetProxy = 3FDCBDB51DCF9B0600D96B63 /* PBXContainerItemProxy */;
		};
/* End PBXTargetDependency section */

/* Begin PBXVariantGroup section */
		3FC2511E1DBF92CD00B014FB /* Main.storyboard */ = {
			isa = PBXVariantGroup;
			children = (
				3FC2511F1DBF92CD00B014FB /* Base */,
			);
			name = Main.storyboard;
			sourceTree = "<group>";
		};
		3FC251231DBF92CD00B014FB /* LaunchScreen.storyboard */ = {
			isa = PBXVariantGroup;
			children = (
				3FC251241DBF92CD00B014FB /* Base */,
			);
			name = LaunchScreen.storyboard;
			sourceTree = "<group>";
		};
/* End PBXVariantGroup section */

/* Begin XCBuildConfiguration section */
		3FC251271DBF92CD00B014FB /* Debug */ = {
			isa = XCBuildConfiguration;
			buildSettings = {
				ALWAYS_SEARCH_USER_PATHS = NO;
				CLANG_ANALYZER_NONNULL = YES;
				CLANG_CXX_LANGUAGE_STANDARD = "gnu++0x";
				CLANG_CXX_LIBRARY = "libc++";
				CLANG_ENABLE_MODULES = YES;
				CLANG_ENABLE_OBJC_ARC = YES;
				CLANG_WARN_BOOL_CONVERSION = YES;
				CLANG_WARN_CONSTANT_CONVERSION = YES;
				CLANG_WARN_DIRECT_OBJC_ISA_USAGE = YES_ERROR;
				CLANG_WARN_DOCUMENTATION_COMMENTS = YES;
				CLANG_WARN_EMPTY_BODY = YES;
				CLANG_WARN_ENUM_CONVERSION = YES;
				CLANG_WARN_INFINITE_RECURSION = YES;
				CLANG_WARN_INT_CONVERSION = YES;
				CLANG_WARN_OBJC_ROOT_CLASS = YES_ERROR;
				CLANG_WARN_SUSPICIOUS_MOVES = YES;
				CLANG_WARN_UNREACHABLE_CODE = YES;
				CLANG_WARN__DUPLICATE_METHOD_MATCH = YES;
				"CODE_SIGN_IDENTITY[sdk=iphoneos*]" = "iPhone Developer";
				COPY_PHASE_STRIP = NO;
				DEBUG_INFORMATION_FORMAT = dwarf;
				ENABLE_STRICT_OBJC_MSGSEND = YES;
				ENABLE_TESTABILITY = YES;
				GCC_C_LANGUAGE_STANDARD = gnu99;
				GCC_DYNAMIC_NO_PIC = NO;
				GCC_NO_COMMON_BLOCKS = YES;
				GCC_OPTIMIZATION_LEVEL = 0;
				GCC_PREPROCESSOR_DEFINITIONS = (
					"DEBUG=1",
					"$(inherited)",
				);
				GCC_WARN_64_TO_32_BIT_CONVERSION = YES;
				GCC_WARN_ABOUT_RETURN_TYPE = YES_ERROR;
				GCC_WARN_UNDECLARED_SELECTOR = YES;
				GCC_WARN_UNINITIALIZED_AUTOS = YES_AGGRESSIVE;
				GCC_WARN_UNUSED_FUNCTION = YES;
				GCC_WARN_UNUSED_VARIABLE = YES;
				IPHONEOS_DEPLOYMENT_TARGET = 10.0;
				MTL_ENABLE_DEBUG_INFO = YES;
				ONLY_ACTIVE_ARCH = YES;
				SDKROOT = iphoneos;
				SWIFT_ACTIVE_COMPILATION_CONDITIONS = DEBUG;
				SWIFT_OPTIMIZATION_LEVEL = "-Onone";
				TARGETED_DEVICE_FAMILY = "1,2";
			};
			name = Debug;
		};
		3FC251281DBF92CD00B014FB /* Release */ = {
			isa = XCBuildConfiguration;
			buildSettings = {
				ALWAYS_SEARCH_USER_PATHS = NO;
				CLANG_ANALYZER_NONNULL = YES;
				CLANG_CXX_LANGUAGE_STANDARD = "gnu++0x";
				CLANG_CXX_LIBRARY = "libc++";
				CLANG_ENABLE_MODULES = YES;
				CLANG_ENABLE_OBJC_ARC = YES;
				CLANG_WARN_BOOL_CONVERSION = YES;
				CLANG_WARN_CONSTANT_CONVERSION = YES;
				CLANG_WARN_DIRECT_OBJC_ISA_USAGE = YES_ERROR;
				CLANG_WARN_DOCUMENTATION_COMMENTS = YES;
				CLANG_WARN_EMPTY_BODY = YES;
				CLANG_WARN_ENUM_CONVERSION = YES;
				CLANG_WARN_INFINITE_RECURSION = YES;
				CLANG_WARN_INT_CONVERSION = YES;
				CLANG_WARN_OBJC_ROOT_CLASS = YES_ERROR;
				CLANG_WARN_SUSPICIOUS_MOVES = YES;
				CLANG_WARN_UNREACHABLE_CODE = YES;
				CLANG_WARN__DUPLICATE_METHOD_MATCH = YES;
				"CODE_SIGN_IDENTITY[sdk=iphoneos*]" = "iPhone Developer";
				COPY_PHASE_STRIP = NO;
				DEBUG_INFORMATION_FORMAT = "dwarf-with-dsym";
				ENABLE_NS_ASSERTIONS = NO;
				ENABLE_STRICT_OBJC_MSGSEND = YES;
				GCC_C_LANGUAGE_STANDARD = gnu99;
				GCC_NO_COMMON_BLOCKS = YES;
				GCC_WARN_64_TO_32_BIT_CONVERSION = YES;
				GCC_WARN_ABOUT_RETURN_TYPE = YES_ERROR;
				GCC_WARN_UNDECLARED_SELECTOR = YES;
				GCC_WARN_UNINITIALIZED_AUTOS = YES_AGGRESSIVE;
				GCC_WARN_UNUSED_FUNCTION = YES;
				GCC_WARN_UNUSED_VARIABLE = YES;
				IPHONEOS_DEPLOYMENT_TARGET = 10.0;
				MTL_ENABLE_DEBUG_INFO = NO;
				SDKROOT = iphoneos;
				SWIFT_OPTIMIZATION_LEVEL = "-Owholemodule";
				TARGETED_DEVICE_FAMILY = "1,2";
				VALIDATE_PRODUCT = YES;
			};
			name = Release;
		};
		3FC2512A1DBF92CD00B014FB /* Debug */ = {
			isa = XCBuildConfiguration;
			buildSettings = {
				ASSETCATALOG_COMPILER_APPICON_NAME = AppIcon;
				INFOPLIST_FILE = ColorMix/Info.plist;
				LD_RUNPATH_SEARCH_PATHS = "$(inherited) @executable_path/Frameworks";
				PRODUCT_BUNDLE_IDENTIFIER = ca.on.rsgc.ColorMix;
				PRODUCT_NAME = "$(TARGET_NAME)";
				SWIFT_VERSION = 3.0;
			};
			name = Debug;
		};
		3FC2512B1DBF92CD00B014FB /* Release */ = {
			isa = XCBuildConfiguration;
			buildSettings = {
				ASSETCATALOG_COMPILER_APPICON_NAME = AppIcon;
				INFOPLIST_FILE = ColorMix/Info.plist;
				LD_RUNPATH_SEARCH_PATHS = "$(inherited) @executable_path/Frameworks";
				PRODUCT_BUNDLE_IDENTIFIER = ca.on.rsgc.ColorMix;
				PRODUCT_NAME = "$(TARGET_NAME)";
				SWIFT_VERSION = 3.0;
			};
			name = Release;
		};
		3FDCBDB81DCF9B0600D96B63 /* Debug */ = {
			isa = XCBuildConfiguration;
			buildSettings = {
				BUNDLE_LOADER = "$(TEST_HOST)";
				INFOPLIST_FILE = ColorMixTests/Info.plist;
				LD_RUNPATH_SEARCH_PATHS = "$(inherited) @executable_path/Frameworks @loader_path/Frameworks";
				PRODUCT_BUNDLE_IDENTIFIER = ca.on.rsgc.ColorMixTests;
				PRODUCT_NAME = "$(TARGET_NAME)";
				SWIFT_VERSION = 3.0;
				TEST_HOST = "$(BUILT_PRODUCTS_DIR)/ColorMix.app/ColorMix";
			};
			name = Debug;
		};
		3FDCBDB91DCF9B0600D96B63 /* Release */ = {
			isa = XCBuildConfiguration;
			buildSettings = {
				BUNDLE_LOADER = "$(TEST_HOST)";
				INFOPLIST_FILE = ColorMixTests/Info.plist;
				LD_RUNPATH_SEARCH_PATHS = "$(inherited) @executable_path/Frameworks @loader_path/Frameworks";
				PRODUCT_BUNDLE_IDENTIFIER = ca.on.rsgc.ColorMixTests;
				PRODUCT_NAME = "$(TARGET_NAME)";
				SWIFT_VERSION = 3.0;
				TEST_HOST = "$(BUILT_PRODUCTS_DIR)/ColorMix.app/ColorMix";
			};
			name = Release;
		};
/* End XCBuildConfiguration section */

/* Begin XCConfigurationList section */
		3FC251121DBF92CD00B014FB /* Build configuration list for PBXProject "ColorMix" */ = {
			isa = XCConfigurationList;
			buildConfigurations = (
				3FC251271DBF92CD00B014FB /* Debug */,
				3FC251281DBF92CD00B014FB /* Release */,
			);
			defaultConfigurationIsVisible = 0;
			defaultConfigurationName = Release;
		};
		3FC251291DBF92CD00B014FB /* Build configuration list for PBXNativeTarget "ColorMix" */ = {
			isa = XCConfigurationList;
			buildConfigurations = (
				3FC2512A1DBF92CD00B014FB /* Debug */,
				3FC2512B1DBF92CD00B014FB /* Release */,
			);
			defaultConfigurationIsVisible = 0;
			defaultConfigurationName = Release;
		};
		3FDCBDB71DCF9B0600D96B63 /* Build configuration list for PBXNativeTarget "ColorMixTests" */ = {
			isa = XCConfigurationList;
			buildConfigurations = (
				3FDCBDB81DCF9B0600D96B63 /* Debug */,
				3FDCBDB91DCF9B0600D96B63 /* Release */,
			);
			defaultConfigurationIsVisible = 0;
		};
/* End XCConfigurationList section */
	};
	rootObject = 3FC2510F1DBF92CD00B014FB /* Project object */;
}
